
Microsoft Visual Studio Solution File, Format Version 12.00
# Visual Studio Version 16
VisualStudioVersion = 16.0.29411.108
MinimumVisualStudioVersion = 10.0.40219.1
Project("{FAE04EC0-301F-11D3-BF4B-00C04F79EFBC}") = "DevAssessment.UWP", "src\DevAssessment.UWP\DevAssessment.UWP.csproj", "{ED4CAAAB-ADBA-47BB-AF2A-67886E9D66B8}"
EndProject
Project("{FAE04EC0-301F-11D3-BF4B-00C04F79EFBC}") = "DevAssessment.Android", "src\DevAssessment.Android\DevAssessment.Android.csproj", "{0CDBE437-05C1-4269-B313-C69AF5F93230}"
EndProject
Project("{FAE04EC0-301F-11D3-BF4B-00C04F79EFBC}") = "DevAssessment.iOS", "src\DevAssessment.iOS\DevAssessment.iOS.csproj", "{FECDB2E6-AEF3-497D-B1C5-CEC23EAC9E07}"
EndProject
Project("{9A19103F-16F7-4668-BE54-9A1E7A4F7556}") = "DevAssessment", "src\DevAssessment\DevAssessment.csproj", "{C51C9885-651B-49B5-A17C-E79E1BF8C865}"
EndProject
Project("{2150E333-8FDC-42A3-9474-1A3956D46DE8}") = "src", "src", "{146C7FBB-DBD2-4F70-8248-706C91D70B26}"
EndProject
Project("{2150E333-8FDC-42A3-9474-1A3956D46DE8}") = "build", "build", "{87E52D4C-5527-4D19-85AB-E43F40DAC089}"
	ProjectSection(SolutionItems) = preProject
		build\azure-pipelines.yml = build\azure-pipelines.yml
	EndProjectSection
EndProject
Project("{2150E333-8FDC-42A3-9474-1A3956D46DE8}") = "jobs", "jobs", "{4059FDC1-8664-4590-A7A9-A325899A410F}"
	ProjectSection(SolutionItems) = preProject
		build\jobs\android.yml = build\jobs\android.yml
		build\jobs\ios.yml = build\jobs\ios.yml
	EndProjectSection
EndProject
Project("{2150E333-8FDC-42A3-9474-1A3956D46DE8}") = "steps", "steps", "{C2C4F1B3-AF32-46F7-BF4E-D6CA57D830DC}"
	ProjectSection(SolutionItems) = preProject
		build\steps\nuget.yml = build\steps\nuget.yml
		build\steps\sdks.yml = build\steps\sdks.yml
	EndProjectSection
EndProject
Project("{2150E333-8FDC-42A3-9474-1A3956D46DE8}") = "modules", "modules", "{9697ED0B-6670-4D9C-98A3-6C6214D8F3A3}"
EndProject
Project("{FAE04EC0-301F-11D3-BF4B-00C04F79EFBC}") = "AuthModule", "AuthModule\AuthModule.csproj", "{3C2CC318-F33E-43EA-A58D-928ED9502F79}"
EndProject
Project("{FAE04EC0-301F-11D3-BF4B-00C04F79EFBC}") = "MockAuthentication", "MockAuthentication\MockAuthentication.csproj", "{6EF9E22F-B6A0-47FE-B094-4AEBF11F25BB}"
EndProject
Global
	GlobalSection(SolutionConfigurationPlatforms) = preSolution
		Debug|Any CPU = Debug|Any CPU
		Debug|ARM = Debug|ARM
		Debug|iPhone = Debug|iPhone
		Debug|iPhoneSimulator = Debug|iPhoneSimulator
		Debug|x64 = Debug|x64
		Debug|x86 = Debug|x86
		Release|Any CPU = Release|Any CPU
		Release|ARM = Release|ARM
		Release|iPhone = Release|iPhone
		Release|iPhoneSimulator = Release|iPhoneSimulator
		Release|x64 = Release|x64
		Release|x86 = Release|x86
	EndGlobalSection
	GlobalSection(ProjectConfigurationPlatforms) = postSolution
		{ED4CAAAB-ADBA-47BB-AF2A-67886E9D66B8}.Debug|Any CPU.ActiveCfg = Debug|x86
		{ED4CAAAB-ADBA-47BB-AF2A-67886E9D66B8}.Debug|Any CPU.Build.0 = Debug|x86
		{ED4CAAAB-ADBA-47BB-AF2A-67886E9D66B8}.Debug|Any CPU.Deploy.0 = Debug|x86
		{ED4CAAAB-ADBA-47BB-AF2A-67886E9D66B8}.Debug|ARM.ActiveCfg = Debug|ARM
		{ED4CAAAB-ADBA-47BB-AF2A-67886E9D66B8}.Debug|ARM.Build.0 = Debug|ARM
		{ED4CAAAB-ADBA-47BB-AF2A-67886E9D66B8}.Debug|ARM.Deploy.0 = Debug|ARM
		{ED4CAAAB-ADBA-47BB-AF2A-67886E9D66B8}.Debug|iPhone.ActiveCfg = Debug|x86
		{ED4CAAAB-ADBA-47BB-AF2A-67886E9D66B8}.Debug|iPhone.Build.0 = Debug|x86
		{ED4CAAAB-ADBA-47BB-AF2A-67886E9D66B8}.Debug|iPhone.Deploy.0 = Debug|x86
		{ED4CAAAB-ADBA-47BB-AF2A-67886E9D66B8}.Debug|iPhoneSimulator.ActiveCfg = Debug|x86
		{ED4CAAAB-ADBA-47BB-AF2A-67886E9D66B8}.Debug|iPhoneSimulator.Build.0 = Debug|x86
		{ED4CAAAB-ADBA-47BB-AF2A-67886E9D66B8}.Debug|iPhoneSimulator.Deploy.0 = Debug|x86
		{ED4CAAAB-ADBA-47BB-AF2A-67886E9D66B8}.Debug|x64.ActiveCfg = Debug|x64
		{ED4CAAAB-ADBA-47BB-AF2A-67886E9D66B8}.Debug|x64.Build.0 = Debug|x64
		{ED4CAAAB-ADBA-47BB-AF2A-67886E9D66B8}.Debug|x64.Deploy.0 = Debug|x64
		{ED4CAAAB-ADBA-47BB-AF2A-67886E9D66B8}.Debug|x86.ActiveCfg = Debug|x86
		{ED4CAAAB-ADBA-47BB-AF2A-67886E9D66B8}.Debug|x86.Build.0 = Debug|x86
		{ED4CAAAB-ADBA-47BB-AF2A-67886E9D66B8}.Debug|x86.Deploy.0 = Debug|x86
		{ED4CAAAB-ADBA-47BB-AF2A-67886E9D66B8}.Release|Any CPU.ActiveCfg = Release|x86
		{ED4CAAAB-ADBA-47BB-AF2A-67886E9D66B8}.Release|Any CPU.Build.0 = Release|x86
		{ED4CAAAB-ADBA-47BB-AF2A-67886E9D66B8}.Release|Any CPU.Deploy.0 = Release|x86
		{ED4CAAAB-ADBA-47BB-AF2A-67886E9D66B8}.Release|ARM.ActiveCfg = Release|ARM
		{ED4CAAAB-ADBA-47BB-AF2A-67886E9D66B8}.Release|ARM.Build.0 = Release|ARM
		{ED4CAAAB-ADBA-47BB-AF2A-67886E9D66B8}.Release|ARM.Deploy.0 = Release|ARM
		{ED4CAAAB-ADBA-47BB-AF2A-67886E9D66B8}.Release|iPhone.ActiveCfg = Release|x86
		{ED4CAAAB-ADBA-47BB-AF2A-67886E9D66B8}.Release|iPhone.Build.0 = Release|x86
		{ED4CAAAB-ADBA-47BB-AF2A-67886E9D66B8}.Release|iPhone.Deploy.0 = Release|x86
		{ED4CAAAB-ADBA-47BB-AF2A-67886E9D66B8}.Release|iPhoneSimulator.ActiveCfg = Release|x86
		{ED4CAAAB-ADBA-47BB-AF2A-67886E9D66B8}.Release|iPhoneSimulator.Build.0 = Release|x86
		{ED4CAAAB-ADBA-47BB-AF2A-67886E9D66B8}.Release|iPhoneSimulator.Deploy.0 = Release|x86
		{ED4CAAAB-ADBA-47BB-AF2A-67886E9D66B8}.Release|x64.ActiveCfg = Release|x64
		{ED4CAAAB-ADBA-47BB-AF2A-67886E9D66B8}.Release|x64.Build.0 = Release|x64
		{ED4CAAAB-ADBA-47BB-AF2A-67886E9D66B8}.Release|x64.Deploy.0 = Release|x64
		{ED4CAAAB-ADBA-47BB-AF2A-67886E9D66B8}.Release|x86.ActiveCfg = Release|x86
		{ED4CAAAB-ADBA-47BB-AF2A-67886E9D66B8}.Release|x86.Build.0 = Release|x86
		{ED4CAAAB-ADBA-47BB-AF2A-67886E9D66B8}.Release|x86.Deploy.0 = Release|x86
		{0CDBE437-05C1-4269-B313-C69AF5F93230}.Debug|Any CPU.ActiveCfg = Debug|Any CPU
		{0CDBE437-05C1-4269-B313-C69AF5F93230}.Debug|Any CPU.Build.0 = Debug|Any CPU
		{0CDBE437-05C1-4269-B313-C69AF5F93230}.Debug|Any CPU.Deploy.0 = Debug|Any CPU
		{0CDBE437-05C1-4269-B313-C69AF5F93230}.Debug|ARM.ActiveCfg = Debug|Any CPU
		{0CDBE437-05C1-4269-B313-C69AF5F93230}.Debug|ARM.Build.0 = Debug|Any CPU
		{0CDBE437-05C1-4269-B313-C69AF5F93230}.Debug|ARM.Deploy.0 = Debug|Any CPU
		{0CDBE437-05C1-4269-B313-C69AF5F93230}.Debug|iPhone.ActiveCfg = Debug|Any CPU
		{0CDBE437-05C1-4269-B313-C69AF5F93230}.Debug|iPhone.Build.0 = Debug|Any CPU
		{0CDBE437-05C1-4269-B313-C69AF5F93230}.Debug|iPhone.Deploy.0 = Debug|Any CPU
		{0CDBE437-05C1-4269-B313-C69AF5F93230}.Debug|iPhoneSimulator.ActiveCfg = Debug|Any CPU
		{0CDBE437-05C1-4269-B313-C69AF5F93230}.Debug|iPhoneSimulator.Build.0 = Debug|Any CPU
		{0CDBE437-05C1-4269-B313-C69AF5F93230}.Debug|iPhoneSimulator.Deploy.0 = Debug|Any CPU
		{0CDBE437-05C1-4269-B313-C69AF5F93230}.Debug|x64.ActiveCfg = Debug|Any CPU
		{0CDBE437-05C1-4269-B313-C69AF5F93230}.Debug|x64.Build.0 = Debug|Any CPU
		{0CDBE437-05C1-4269-B313-C69AF5F93230}.Debug|x64.Deploy.0 = Debug|Any CPU
		{0CDBE437-05C1-4269-B313-C69AF5F93230}.Debug|x86.ActiveCfg = Debug|Any CPU
		{0CDBE437-05C1-4269-B313-C69AF5F93230}.Debug|x86.Build.0 = Debug|Any CPU
		{0CDBE437-05C1-4269-B313-C69AF5F93230}.Debug|x86.Deploy.0 = Debug|Any CPU
		{0CDBE437-05C1-4269-B313-C69AF5F93230}.Release|Any CPU.ActiveCfg = Release|Any CPU
		{0CDBE437-05C1-4269-B313-C69AF5F93230}.Release|Any CPU.Build.0 = Release|Any CPU
		{0CDBE437-05C1-4269-B313-C69AF5F93230}.Release|Any CPU.Deploy.0 = Release|Any CPU
		{0CDBE437-05C1-4269-B313-C69AF5F93230}.Release|ARM.ActiveCfg = Release|Any CPU
		{0CDBE437-05C1-4269-B313-C69AF5F93230}.Release|ARM.Build.0 = Release|Any CPU
		{0CDBE437-05C1-4269-B313-C69AF5F93230}.Release|ARM.Deploy.0 = Release|Any CPU
		{0CDBE437-05C1-4269-B313-C69AF5F93230}.Release|iPhone.ActiveCfg = Release|Any CPU
		{0CDBE437-05C1-4269-B313-C69AF5F93230}.Release|iPhone.Build.0 = Release|Any CPU
		{0CDBE437-05C1-4269-B313-C69AF5F93230}.Release|iPhone.Deploy.0 = Release|Any CPU
		{0CDBE437-05C1-4269-B313-C69AF5F93230}.Release|iPhoneSimulator.ActiveCfg = Release|Any CPU
		{0CDBE437-05C1-4269-B313-C69AF5F93230}.Release|iPhoneSimulator.Build.0 = Release|Any CPU
		{0CDBE437-05C1-4269-B313-C69AF5F93230}.Release|iPhoneSimulator.Deploy.0 = Release|Any CPU
		{0CDBE437-05C1-4269-B313-C69AF5F93230}.Release|x64.ActiveCfg = Release|Any CPU
		{0CDBE437-05C1-4269-B313-C69AF5F93230}.Release|x64.Build.0 = Release|Any CPU
		{0CDBE437-05C1-4269-B313-C69AF5F93230}.Release|x64.Deploy.0 = Release|Any CPU
		{0CDBE437-05C1-4269-B313-C69AF5F93230}.Release|x86.ActiveCfg = Release|Any CPU
		{0CDBE437-05C1-4269-B313-C69AF5F93230}.Release|x86.Build.0 = Release|Any CPU
		{0CDBE437-05C1-4269-B313-C69AF5F93230}.Release|x86.Deploy.0 = Release|Any CPU
		{FECDB2E6-AEF3-497D-B1C5-CEC23EAC9E07}.Debug|Any CPU.ActiveCfg = Debug|iPhone
		{FECDB2E6-AEF3-497D-B1C5-CEC23EAC9E07}.Debug|Any CPU.Build.0 = Debug|iPhone
		{FECDB2E6-AEF3-497D-B1C5-CEC23EAC9E07}.Debug|Any CPU.Deploy.0 = Debug|iPhone
		{FECDB2E6-AEF3-497D-B1C5-CEC23EAC9E07}.Debug|ARM.ActiveCfg = Debug|iPhoneSimulator
		{FECDB2E6-AEF3-497D-B1C5-CEC23EAC9E07}.Debug|ARM.Build.0 = Debug|iPhoneSimulator
		{FECDB2E6-AEF3-497D-B1C5-CEC23EAC9E07}.Debug|ARM.Deploy.0 = Debug|iPhoneSimulator
		{FECDB2E6-AEF3-497D-B1C5-CEC23EAC9E07}.Debug|iPhone.ActiveCfg = Debug|iPhone
		{FECDB2E6-AEF3-497D-B1C5-CEC23EAC9E07}.Debug|iPhone.Build.0 = Debug|iPhone
		{FECDB2E6-AEF3-497D-B1C5-CEC23EAC9E07}.Debug|iPhone.Deploy.0 = Debug|iPhone
		{FECDB2E6-AEF3-497D-B1C5-CEC23EAC9E07}.Debug|iPhoneSimulator.ActiveCfg = Debug|iPhoneSimulator
		{FECDB2E6-AEF3-497D-B1C5-CEC23EAC9E07}.Debug|iPhoneSimulator.Build.0 = Debug|iPhoneSimulator
		{FECDB2E6-AEF3-497D-B1C5-CEC23EAC9E07}.Debug|iPhoneSimulator.Deploy.0 = Debug|iPhoneSimulator
		{FECDB2E6-AEF3-497D-B1C5-CEC23EAC9E07}.Debug|x64.ActiveCfg = Debug|iPhone
		{FECDB2E6-AEF3-497D-B1C5-CEC23EAC9E07}.Debug|x64.Build.0 = Debug|iPhone
		{FECDB2E6-AEF3-497D-B1C5-CEC23EAC9E07}.Debug|x64.Deploy.0 = Debug|iPhone
		{FECDB2E6-AEF3-497D-B1C5-CEC23EAC9E07}.Debug|x86.ActiveCfg = Debug|iPhone
		{FECDB2E6-AEF3-497D-B1C5-CEC23EAC9E07}.Debug|x86.Build.0 = Debug|iPhone
		{FECDB2E6-AEF3-497D-B1C5-CEC23EAC9E07}.Debug|x86.Deploy.0 = Debug|iPhone
		{FECDB2E6-AEF3-497D-B1C5-CEC23EAC9E07}.Release|Any CPU.ActiveCfg = Release|iPhone
		{FECDB2E6-AEF3-497D-B1C5-CEC23EAC9E07}.Release|Any CPU.Build.0 = Release|iPhone
		{FECDB2E6-AEF3-497D-B1C5-CEC23EAC9E07}.Release|Any CPU.Deploy.0 = Release|iPhone
		{FECDB2E6-AEF3-497D-B1C5-CEC23EAC9E07}.Release|ARM.ActiveCfg = Release|iPhone
		{FECDB2E6-AEF3-497D-B1C5-CEC23EAC9E07}.Release|ARM.Build.0 = Release|iPhone
		{FECDB2E6-AEF3-497D-B1C5-CEC23EAC9E07}.Release|ARM.Deploy.0 = Release|iPhone
		{FECDB2E6-AEF3-497D-B1C5-CEC23EAC9E07}.Release|iPhone.ActiveCfg = Release|iPhone
		{FECDB2E6-AEF3-497D-B1C5-CEC23EAC9E07}.Release|iPhone.Build.0 = Release|iPhone
		{FECDB2E6-AEF3-497D-B1C5-CEC23EAC9E07}.Release|iPhone.Deploy.0 = Release|iPhone
		{FECDB2E6-AEF3-497D-B1C5-CEC23EAC9E07}.Release|iPhoneSimulator.ActiveCfg = Release|iPhoneSimulator
		{FECDB2E6-AEF3-497D-B1C5-CEC23EAC9E07}.Release|iPhoneSimulator.Build.0 = Release|iPhoneSimulator
		{FECDB2E6-AEF3-497D-B1C5-CEC23EAC9E07}.Release|iPhoneSimulator.Deploy.0 = Release|iPhoneSimulator
		{FECDB2E6-AEF3-497D-B1C5-CEC23EAC9E07}.Release|x64.ActiveCfg = Release|iPhone
		{FECDB2E6-AEF3-497D-B1C5-CEC23EAC9E07}.Release|x64.Build.0 = Release|iPhone
		{FECDB2E6-AEF3-497D-B1C5-CEC23EAC9E07}.Release|x64.Deploy.0 = Release|iPhone
		{FECDB2E6-AEF3-497D-B1C5-CEC23EAC9E07}.Release|x86.ActiveCfg = Release|iPhone
		{FECDB2E6-AEF3-497D-B1C5-CEC23EAC9E07}.Release|x86.Build.0 = Release|iPhone
		{FECDB2E6-AEF3-497D-B1C5-CEC23EAC9E07}.Release|x86.Deploy.0 = Release|iPhone
		{C51C9885-651B-49B5-A17C-E79E1BF8C865}.Debug|Any CPU.ActiveCfg = Debug|Any CPU
		{C51C9885-651B-49B5-A17C-E79E1BF8C865}.Debug|Any CPU.Build.0 = Debug|Any CPU
		{C51C9885-651B-49B5-A17C-E79E1BF8C865}.Debug|Any CPU.Deploy.0 = Debug|Any CPU
		{C51C9885-651B-49B5-A17C-E79E1BF8C865}.Debug|ARM.ActiveCfg = Debug|Any CPU
		{C51C9885-651B-49B5-A17C-E79E1BF8C865}.Debug|ARM.Build.0 = Debug|Any CPU
		{C51C9885-651B-49B5-A17C-E79E1BF8C865}.Debug|ARM.Deploy.0 = Debug|Any CPU
		{C51C9885-651B-49B5-A17C-E79E1BF8C865}.Debug|iPhone.ActiveCfg = Debug|Any CPU
		{C51C9885-651B-49B5-A17C-E79E1BF8C865}.Debug|iPhone.Build.0 = Debug|Any CPU
		{C51C9885-651B-49B5-A17C-E79E1BF8C865}.Debug|iPhone.Deploy.0 = Debug|Any CPU
		{C51C9885-651B-49B5-A17C-E79E1BF8C865}.Debug|iPhoneSimulator.ActiveCfg = Debug|Any CPU
		{C51C9885-651B-49B5-A17C-E79E1BF8C865}.Debug|iPhoneSimulator.Build.0 = Debug|Any CPU
		{C51C9885-651B-49B5-A17C-E79E1BF8C865}.Debug|iPhoneSimulator.Deploy.0 = Debug|Any CPU
		{C51C9885-651B-49B5-A17C-E79E1BF8C865}.Debug|x64.ActiveCfg = Debug|Any CPU
		{C51C9885-651B-49B5-A17C-E79E1BF8C865}.Debug|x64.Build.0 = Debug|Any CPU
		{C51C9885-651B-49B5-A17C-E79E1BF8C865}.Debug|x64.Deploy.0 = Debug|Any CPU
		{C51C9885-651B-49B5-A17C-E79E1BF8C865}.Debug|x86.ActiveCfg = Debug|Any CPU
		{C51C9885-651B-49B5-A17C-E79E1BF8C865}.Debug|x86.Build.0 = Debug|Any CPU
		{C51C9885-651B-49B5-A17C-E79E1BF8C865}.Debug|x86.Deploy.0 = Debug|Any CPU
		{C51C9885-651B-49B5-A17C-E79E1BF8C865}.Release|Any CPU.ActiveCfg = Release|Any CPU
		{C51C9885-651B-49B5-A17C-E79E1BF8C865}.Release|Any CPU.Build.0 = Release|Any CPU
		{C51C9885-651B-49B5-A17C-E79E1BF8C865}.Release|Any CPU.Deploy.0 = Release|Any CPU
		{C51C9885-651B-49B5-A17C-E79E1BF8C865}.Release|ARM.ActiveCfg = Release|Any CPU
		{C51C9885-651B-49B5-A17C-E79E1BF8C865}.Release|ARM.Build.0 = Release|Any CPU
		{C51C9885-651B-49B5-A17C-E79E1BF8C865}.Release|ARM.Deploy.0 = Release|Any CPU
		{C51C9885-651B-49B5-A17C-E79E1BF8C865}.Release|iPhone.ActiveCfg = Release|Any CPU
		{C51C9885-651B-49B5-A17C-E79E1BF8C865}.Release|iPhone.Build.0 = Release|Any CPU
		{C51C9885-651B-49B5-A17C-E79E1BF8C865}.Release|iPhone.Deploy.0 = Release|Any CPU
		{C51C9885-651B-49B5-A17C-E79E1BF8C865}.Release|iPhoneSimulator.ActiveCfg = Release|Any CPU
		{C51C9885-651B-49B5-A17C-E79E1BF8C865}.Release|iPhoneSimulator.Build.0 = Release|Any CPU
		{C51C9885-651B-49B5-A17C-E79E1BF8C865}.Release|iPhoneSimulator.Deploy.0 = Release|Any CPU
		{C51C9885-651B-49B5-A17C-E79E1BF8C865}.Release|x64.ActiveCfg = Release|Any CPU
		{C51C9885-651B-49B5-A17C-E79E1BF8C865}.Release|x64.Build.0 = Release|Any CPU
		{C51C9885-651B-49B5-A17C-E79E1BF8C865}.Release|x64.Deploy.0 = Release|Any CPU
		{C51C9885-651B-49B5-A17C-E79E1BF8C865}.Release|x86.ActiveCfg = Release|Any CPU
		{C51C9885-651B-49B5-A17C-E79E1BF8C865}.Release|x86.Build.0 = Release|Any CPU
		{C51C9885-651B-49B5-A17C-E79E1BF8C865}.Release|x86.Deploy.0 = Release|Any CPU
		{3C2CC318-F33E-43EA-A58D-928ED9502F79}.Debug|Any CPU.ActiveCfg = Debug|Any CPU
		{3C2CC318-F33E-43EA-A58D-928ED9502F79}.Debug|Any CPU.Build.0 = Debug|Any CPU
		{3C2CC318-F33E-43EA-A58D-928ED9502F79}.Debug|ARM.ActiveCfg = Debug|Any CPU
		{3C2CC318-F33E-43EA-A58D-928ED9502F79}.Debug|ARM.Build.0 = Debug|Any CPU
		{3C2CC318-F33E-43EA-A58D-928ED9502F79}.Debug|iPhone.ActiveCfg = Debug|Any CPU
		{3C2CC318-F33E-43EA-A58D-928ED9502F79}.Debug|iPhone.Build.0 = Debug|Any CPU
		{3C2CC318-F33E-43EA-A58D-928ED9502F79}.Debug|iPhoneSimulator.ActiveCfg = Debug|Any CPU
		{3C2CC318-F33E-43EA-A58D-928ED9502F79}.Debug|iPhoneSimulator.Build.0 = Debug|Any CPU
		{3C2CC318-F33E-43EA-A58D-928ED9502F79}.Debug|x64.ActiveCfg = Debug|Any CPU
		{3C2CC318-F33E-43EA-A58D-928ED9502F79}.Debug|x64.Build.0 = Debug|Any CPU
		{3C2CC318-F33E-43EA-A58D-928ED9502F79}.Debug|x86.ActiveCfg = Debug|Any CPU
		{3C2CC318-F33E-43EA-A58D-928ED9502F79}.Debug|x86.Build.0 = Debug|Any CPU
		{3C2CC318-F33E-43EA-A58D-928ED9502F79}.Release|Any CPU.ActiveCfg = Release|Any CPU
		{3C2CC318-F33E-43EA-A58D-928ED9502F79}.Release|Any CPU.Build.0 = Release|Any CPU
		{3C2CC318-F33E-43EA-A58D-928ED9502F79}.Release|ARM.ActiveCfg = Release|Any CPU
		{3C2CC318-F33E-43EA-A58D-928ED9502F79}.Release|ARM.Build.0 = Release|Any CPU
		{3C2CC318-F33E-43EA-A58D-928ED9502F79}.Release|iPhone.ActiveCfg = Release|Any CPU
		{3C2CC318-F33E-43EA-A58D-928ED9502F79}.Release|iPhone.Build.0 = Release|Any CPU
		{3C2CC318-F33E-43EA-A58D-928ED9502F79}.Release|iPhoneSimulator.ActiveCfg = Release|Any CPU
		{3C2CC318-F33E-43EA-A58D-928ED9502F79}.Release|iPhoneSimulator.Build.0 = Release|Any CPU
		{3C2CC318-F33E-43EA-A58D-928ED9502F79}.Release|x64.ActiveCfg = Release|Any CPU
		{3C2CC318-F33E-43EA-A58D-928ED9502F79}.Release|x64.Build.0 = Release|Any CPU
		{3C2CC318-F33E-43EA-A58D-928ED9502F79}.Release|x86.ActiveCfg = Release|Any CPU
		{3C2CC318-F33E-43EA-A58D-928ED9502F79}.Release|x86.Build.0 = Release|Any CPU
		{6EF9E22F-B6A0-47FE-B094-4AEBF11F25BB}.Debug|Any CPU.ActiveCfg = Debug|Any CPU
		{6EF9E22F-B6A0-47FE-B094-4AEBF11F25BB}.Debug|Any CPU.Build.0 = Debug|Any CPU
		{6EF9E22F-B6A0-47FE-B094-4AEBF11F25BB}.Debug|ARM.ActiveCfg = Debug|Any CPU
		{6EF9E22F-B6A0-47FE-B094-4AEBF11F25BB}.Debug|ARM.Build.0 = Debug|Any CPU
		{6EF9E22F-B6A0-47FE-B094-4AEBF11F25BB}.Debug|iPhone.ActiveCfg = Debug|Any CPU
		{6EF9E22F-B6A0-47FE-B094-4AEBF11F25BB}.Debug|iPhone.Build.0 = Debug|Any CPU
		{6EF9E22F-B6A0-47FE-B094-4AEBF11F25BB}.Debug|iPhoneSimulator.ActiveCfg = Debug|Any CPU
		{6EF9E22F-B6A0-47FE-B094-4AEBF11F25BB}.Debug|iPhoneSimulator.Build.0 = Debug|Any CPU
		{6EF9E22F-B6A0-47FE-B094-4AEBF11F25BB}.Debug|x64.ActiveCfg = Debug|Any CPU
		{6EF9E22F-B6A0-47FE-B094-4AEBF11F25BB}.Debug|x64.Build.0 = Debug|Any CPU
		{6EF9E22F-B6A0-47FE-B094-4AEBF11F25BB}.Debug|x86.ActiveCfg = Debug|Any CPU
		{6EF9E22F-B6A0-47FE-B094-4AEBF11F25BB}.Debug|x86.Build.0 = Debug|Any CPU
		{6EF9E22F-B6A0-47FE-B094-4AEBF11F25BB}.Release|Any CPU.ActiveCfg = Release|Any CPU
		{6EF9E22F-B6A0-47FE-B094-4AEBF11F25BB}.Release|Any CPU.Build.0 = Release|Any CPU
		{6EF9E22F-B6A0-47FE-B094-4AEBF11F25BB}.Release|ARM.ActiveCfg = Release|Any CPU
		{6EF9E22F-B6A0-47FE-B094-4AEBF11F25BB}.Release|ARM.Build.0 = Release|Any CPU
		{6EF9E22F-B6A0-47FE-B094-4AEBF11F25BB}.Release|iPhone.ActiveCfg = Release|Any CPU
		{6EF9E22F-B6A0-47FE-B094-4AEBF11F25BB}.Release|iPhone.Build.0 = Release|Any CPU
		{6EF9E22F-B6A0-47FE-B094-4AEBF11F25BB}.Release|iPhoneSimulator.ActiveCfg = Release|Any CPU
		{6EF9E22F-B6A0-47FE-B094-4AEBF11F25BB}.Release|iPhoneSimulator.Build.0 = Release|Any CPU
		{6EF9E22F-B6A0-47FE-B094-4AEBF11F25BB}.Release|x64.ActiveCfg = Release|Any CPU
		{6EF9E22F-B6A0-47FE-B094-4AEBF11F25BB}.Release|x64.Build.0 = Release|Any CPU
		{6EF9E22F-B6A0-47FE-B094-4AEBF11F25BB}.Release|x86.ActiveCfg = Release|Any CPU
		{6EF9E22F-B6A0-47FE-B094-4AEBF11F25BB}.Release|x86.Build.0 = Release|Any CPU
	EndGlobalSection
	GlobalSection(SolutionProperties) = preSolution
		HideSolutionNode = FALSE
	EndGlobalSection
	GlobalSection(NestedProjects) = preSolution
		{ED4CAAAB-ADBA-47BB-AF2A-67886E9D66B8} = {146C7FBB-DBD2-4F70-8248-706C91D70B26}
		{0CDBE437-05C1-4269-B313-C69AF5F93230} = {146C7FBB-DBD2-4F70-8248-706C91D70B26}
		{FECDB2E6-AEF3-497D-B1C5-CEC23EAC9E07} = {146C7FBB-DBD2-4F70-8248-706C91D70B26}
		{C51C9885-651B-49B5-A17C-E79E1BF8C865} = {146C7FBB-DBD2-4F70-8248-706C91D70B26}
		{4059FDC1-8664-4590-A7A9-A325899A410F} = {87E52D4C-5527-4D19-85AB-E43F40DAC089}
		{C2C4F1B3-AF32-46F7-BF4E-D6CA57D830DC} = {87E52D4C-5527-4D19-85AB-E43F40DAC089}
		{3C2CC318-F33E-43EA-A58D-928ED9502F79} = {9697ED0B-6670-4D9C-98A3-6C6214D8F3A3}
	EndGlobalSection
	GlobalSection(ExtensibilityGlobals) = postSolution
		SolutionGuid = {B23AE23D-2FD2-4FC7-B5FF-E90F66B13899}
	EndGlobalSection
EndGlobal
